
Microsoft Visual Studio Solution File, Format Version 12.00
Project("{FAE04EC0-301F-11D3-BF4B-00C04F79EFBC}") = "Lab13-Lopez", "Lab13-Lopez\Lab13-Lopez.csproj", "{09C10502-82D4-4824-934C-4BB0E5C50C5D}"
EndProject
Global
	GlobalSection(SolutionConfigurationPlatforms) = preSolution
		Debug|Any CPU = Debug|Any CPU
		Release|Any CPU = Release|Any CPU
	EndGlobalSection
	GlobalSection(ProjectConfigurationPlatforms) = postSolution
		{09C10502-82D4-4824-934C-4BB0E5C50C5D}.Debug|Any CPU.ActiveCfg = Debug|Any CPU
		{09C10502-82D4-4824-934C-4BB0E5C50C5D}.Debug|Any CPU.Build.0 = Debug|Any CPU
		{09C10502-82D4-4824-934C-4BB0E5C50C5D}.Release|Any CPU.ActiveCfg = Release|Any CPU
		{09C10502-82D4-4824-934C-4BB0E5C50C5D}.Release|Any CPU.Build.0 = Release|Any CPU
	EndGlobalSection
EndGlobal
